
Microsoft Visual Studio Solution File, Format Version 11.00
# Visual Studio 2010
Project("{FAE04EC0-301F-11D3-BF4B-00C04F79EFBC}") = "Assembly-CSharp", "Assembly-CSharp.csproj", "{2574dae5-51eb-2a97-1bdc-3cc6f2a71e12}"
EndProject
Project("{FAE04EC0-301F-11D3-BF4B-00C04F79EFBC}") = "Assembly-CSharp-Editor", "Assembly-CSharp-Editor.csproj", "{a92aeddd-9469-8386-91c7-6e1a8c86debe}"
EndProject
Global
	GlobalSection(SolutionConfigurationPlatforms) = preSolution
		Debug|Any CPU = Debug|Any CPU
	EndGlobalSection
	GlobalSection(ProjectConfigurationPlatforms) = postSolution
		{2574dae5-51eb-2a97-1bdc-3cc6f2a71e12}.Debug|Any CPU.ActiveCfg = Debug|Any CPU
		{2574dae5-51eb-2a97-1bdc-3cc6f2a71e12}.Debug|Any CPU.Build.0 = Debug|Any CPU
		{a92aeddd-9469-8386-91c7-6e1a8c86debe}.Debug|Any CPU.ActiveCfg = Debug|Any CPU
		{a92aeddd-9469-8386-91c7-6e1a8c86debe}.Debug|Any CPU.Build.0 = Debug|Any CPU
	EndGlobalSection
	GlobalSection(SolutionProperties) = preSolution
		HideSolutionNode = FALSE
	EndGlobalSection
EndGlobal
