
Microsoft Visual Studio Solution File, Format Version 11.00
# Visual Studio 2010
Project("{FAE04EC0-301F-11D3-BF4B-00C04F79EFBC}") = "Assembly-CSharp", "Assembly-CSharp.csproj", "{df5d6fb2-1c93-e757-21ad-430b9094daa7}"
EndProject
Project("{FAE04EC0-301F-11D3-BF4B-00C04F79EFBC}") = "Assembly-CSharp-firstpass", "Assembly-CSharp-firstpass.csproj", "{76e0e170-effa-24eb-ef93-9101379bd04c}"
EndProject
Project("{FAE04EC0-301F-11D3-BF4B-00C04F79EFBC}") = "Assembly-CSharp-Editor", "Assembly-CSharp-Editor.csproj", "{53c4f407-7a5d-f19e-e4d8-c3c979d9ecd3}"
EndProject
Project("{FAE04EC0-301F-11D3-BF4B-00C04F79EFBC}") = "Assembly-CSharp-Editor-firstpass", "Assembly-CSharp-Editor-firstpass.csproj", "{494c00b1-fcc7-2827-b768-facec4f5e789}"
EndProject
Global
	GlobalSection(SolutionConfigurationPlatforms) = preSolution
		Debug|Any CPU = Debug|Any CPU
	EndGlobalSection
	GlobalSection(ProjectConfigurationPlatforms) = postSolution
		{df5d6fb2-1c93-e757-21ad-430b9094daa7}.Debug|Any CPU.ActiveCfg = Debug|Any CPU
		{df5d6fb2-1c93-e757-21ad-430b9094daa7}.Debug|Any CPU.Build.0 = Debug|Any CPU
		{76e0e170-effa-24eb-ef93-9101379bd04c}.Debug|Any CPU.ActiveCfg = Debug|Any CPU
		{76e0e170-effa-24eb-ef93-9101379bd04c}.Debug|Any CPU.Build.0 = Debug|Any CPU
		{53c4f407-7a5d-f19e-e4d8-c3c979d9ecd3}.Debug|Any CPU.ActiveCfg = Debug|Any CPU
		{53c4f407-7a5d-f19e-e4d8-c3c979d9ecd3}.Debug|Any CPU.Build.0 = Debug|Any CPU
		{494c00b1-fcc7-2827-b768-facec4f5e789}.Debug|Any CPU.ActiveCfg = Debug|Any CPU
		{494c00b1-fcc7-2827-b768-facec4f5e789}.Debug|Any CPU.Build.0 = Debug|Any CPU
	EndGlobalSection
	GlobalSection(SolutionProperties) = preSolution
		HideSolutionNode = FALSE
	EndGlobalSection
EndGlobal
