
Microsoft Visual Studio Solution File, Format Version 11.00
# Visual Studio 2010
Project("{FAE04EC0-301F-11D3-BF4B-00C04F79EFBC}") = "Assembly-CSharp", "Assembly-CSharp.csproj", "{87e995bb-c075-a1a2-2429-23e4e65923e0}"
EndProject
Project("{FAE04EC0-301F-11D3-BF4B-00C04F79EFBC}") = "Assembly-CSharp-Editor", "Assembly-CSharp-Editor.csproj", "{c8bc0b59-fe2c-0cd5-1828-075676ab0b50}"
EndProject
Global
	GlobalSection(SolutionConfigurationPlatforms) = preSolution
		Debug|Any CPU = Debug|Any CPU
	EndGlobalSection
	GlobalSection(ProjectConfigurationPlatforms) = postSolution
		{87e995bb-c075-a1a2-2429-23e4e65923e0}.Debug|Any CPU.ActiveCfg = Debug|Any CPU
		{87e995bb-c075-a1a2-2429-23e4e65923e0}.Debug|Any CPU.Build.0 = Debug|Any CPU
		{c8bc0b59-fe2c-0cd5-1828-075676ab0b50}.Debug|Any CPU.ActiveCfg = Debug|Any CPU
		{c8bc0b59-fe2c-0cd5-1828-075676ab0b50}.Debug|Any CPU.Build.0 = Debug|Any CPU
	EndGlobalSection
	GlobalSection(SolutionProperties) = preSolution
		HideSolutionNode = FALSE
	EndGlobalSection
EndGlobal
