
Microsoft Visual Studio Solution File, Format Version 11.00
# Visual Studio 2010
Project("{FAE04EC0-301F-11D3-BF4B-00C04F79EFBC}") = "Assembly-CSharp", "Assembly-CSharp.csproj", "{1f7a50bd-6cbd-8edf-2700-c8805a185bbf}"
EndProject
Project("{FAE04EC0-301F-11D3-BF4B-00C04F79EFBC}") = "Assembly-CSharp-Editor", "Assembly-CSharp-Editor.csproj", "{634b4ee1-46b0-31df-c6ce-8dba750a3d70}"
EndProject
Global
	GlobalSection(SolutionConfigurationPlatforms) = preSolution
		Debug|Any CPU = Debug|Any CPU
	EndGlobalSection
	GlobalSection(ProjectConfigurationPlatforms) = postSolution
		{1f7a50bd-6cbd-8edf-2700-c8805a185bbf}.Debug|Any CPU.ActiveCfg = Debug|Any CPU
		{1f7a50bd-6cbd-8edf-2700-c8805a185bbf}.Debug|Any CPU.Build.0 = Debug|Any CPU
		{634b4ee1-46b0-31df-c6ce-8dba750a3d70}.Debug|Any CPU.ActiveCfg = Debug|Any CPU
		{634b4ee1-46b0-31df-c6ce-8dba750a3d70}.Debug|Any CPU.Build.0 = Debug|Any CPU
	EndGlobalSection
	GlobalSection(SolutionProperties) = preSolution
		HideSolutionNode = FALSE
	EndGlobalSection
EndGlobal
