
Microsoft Visual Studio Solution File, Format Version 11.00
# Visual Studio 2010
Project("{FAE04EC0-301F-11D3-BF4B-00C04F79EFBC}") = "Assembly-CSharp-firstpass", "Assembly-CSharp-firstpass.csproj", "{204b9a52-57d7-413a-ae32-2aedef56fbd2}"
EndProject
Project("{FAE04EC0-301F-11D3-BF4B-00C04F79EFBC}") = "Assembly-CSharp", "Assembly-CSharp.csproj", "{4ba065f0-3af8-54d4-e9cf-b1948e5a3229}"
EndProject
Project("{FAE04EC0-301F-11D3-BF4B-00C04F79EFBC}") = "Assembly-CSharp-Editor-firstpass", "Assembly-CSharp-Editor-firstpass.csproj", "{e525b04a-a298-5c14-f5c7-554776626ef0}"
EndProject
Global
	GlobalSection(SolutionConfigurationPlatforms) = preSolution
		Debug|Any CPU = Debug|Any CPU
	EndGlobalSection
	GlobalSection(ProjectConfigurationPlatforms) = postSolution
		{204b9a52-57d7-413a-ae32-2aedef56fbd2}.Debug|Any CPU.ActiveCfg = Debug|Any CPU
		{204b9a52-57d7-413a-ae32-2aedef56fbd2}.Debug|Any CPU.Build.0 = Debug|Any CPU
		{4ba065f0-3af8-54d4-e9cf-b1948e5a3229}.Debug|Any CPU.ActiveCfg = Debug|Any CPU
		{4ba065f0-3af8-54d4-e9cf-b1948e5a3229}.Debug|Any CPU.Build.0 = Debug|Any CPU
		{e525b04a-a298-5c14-f5c7-554776626ef0}.Debug|Any CPU.ActiveCfg = Debug|Any CPU
		{e525b04a-a298-5c14-f5c7-554776626ef0}.Debug|Any CPU.Build.0 = Debug|Any CPU
	EndGlobalSection
	GlobalSection(SolutionProperties) = preSolution
		HideSolutionNode = FALSE
	EndGlobalSection
EndGlobal
