
Microsoft Visual Studio Solution File, Format Version 12.00
# Visual Studio 15
Project("{FAE04EC0-301F-11D3-BF4B-00C04F79EFBC}") = "Assembly-CSharp", "Assembly-CSharp.csproj", "{BE6D960D-CE1C-9611-7984-DCB3783AA86C}"
EndProject
Project("{FAE04EC0-301F-11D3-BF4B-00C04F79EFBC}") = "Assembly-CSharp-Editor", "Assembly-CSharp-Editor.csproj", "{A0222FEE-0754-7FED-7593-C9B505B0F018}"
EndProject
Global
	GlobalSection(SolutionConfigurationPlatforms) = preSolution
		Debug|Any CPU = Debug|Any CPU
		Release|Any CPU = Release|Any CPU
	EndGlobalSection
	GlobalSection(ProjectConfigurationPlatforms) = postSolution
		{BE6D960D-CE1C-9611-7984-DCB3783AA86C}.Debug|Any CPU.ActiveCfg = Debug|Any CPU
		{BE6D960D-CE1C-9611-7984-DCB3783AA86C}.Debug|Any CPU.Build.0 = Debug|Any CPU
		{BE6D960D-CE1C-9611-7984-DCB3783AA86C}.Release|Any CPU.ActiveCfg = Release|Any CPU
		{BE6D960D-CE1C-9611-7984-DCB3783AA86C}.Release|Any CPU.Build.0 = Release|Any CPU
		{A0222FEE-0754-7FED-7593-C9B505B0F018}.Debug|Any CPU.ActiveCfg = Debug|Any CPU
		{A0222FEE-0754-7FED-7593-C9B505B0F018}.Debug|Any CPU.Build.0 = Debug|Any CPU
		{A0222FEE-0754-7FED-7593-C9B505B0F018}.Release|Any CPU.ActiveCfg = Release|Any CPU
		{A0222FEE-0754-7FED-7593-C9B505B0F018}.Release|Any CPU.Build.0 = Release|Any CPU
	EndGlobalSection
	GlobalSection(SolutionProperties) = preSolution
		HideSolutionNode = FALSE
	EndGlobalSection
EndGlobal
