
Microsoft Visual Studio Solution File, Format Version 11.00
# Visual Studio 2010
Project("{FAE04EC0-301F-11D3-BF4B-00C04F79EFBC}") = "Assembly-CSharp", "Assembly-CSharp.csproj", "{bfbd0db4-406f-e66e-5fa0-b13f72c2503b}"
EndProject
Project("{FAE04EC0-301F-11D3-BF4B-00C04F79EFBC}") = "Assembly-CSharp-firstpass", "Assembly-CSharp-firstpass.csproj", "{97f93248-8458-9c0e-5f59-07be4c059044}"
EndProject
Project("{FAE04EC0-301F-11D3-BF4B-00C04F79EFBC}") = "Assembly-CSharp-Editor", "Assembly-CSharp-Editor.csproj", "{0b9b1711-9afd-4096-948b-38353631fbf0}"
EndProject
Global
	GlobalSection(SolutionConfigurationPlatforms) = preSolution
		Debug|Any CPU = Debug|Any CPU
	EndGlobalSection
	GlobalSection(ProjectConfigurationPlatforms) = postSolution
		{bfbd0db4-406f-e66e-5fa0-b13f72c2503b}.Debug|Any CPU.ActiveCfg = Debug|Any CPU
		{bfbd0db4-406f-e66e-5fa0-b13f72c2503b}.Debug|Any CPU.Build.0 = Debug|Any CPU
		{97f93248-8458-9c0e-5f59-07be4c059044}.Debug|Any CPU.ActiveCfg = Debug|Any CPU
		{97f93248-8458-9c0e-5f59-07be4c059044}.Debug|Any CPU.Build.0 = Debug|Any CPU
		{0b9b1711-9afd-4096-948b-38353631fbf0}.Debug|Any CPU.ActiveCfg = Debug|Any CPU
		{0b9b1711-9afd-4096-948b-38353631fbf0}.Debug|Any CPU.Build.0 = Debug|Any CPU
	EndGlobalSection
	GlobalSection(SolutionProperties) = preSolution
		HideSolutionNode = FALSE
	EndGlobalSection
EndGlobal
