
Microsoft Visual Studio Solution File, Format Version 11.00
# Visual Studio 2010
Project("{FAE04EC0-301F-11D3-BF4B-00C04F79EFBC}") = "Assembly-CSharp", "Assembly-CSharp.csproj", "{fb199b6b-a0c7-2be8-c5fc-257d74d8697a}"
EndProject
Project("{FAE04EC0-301F-11D3-BF4B-00C04F79EFBC}") = "AimingRig", "AimingRig.csproj", "{3fbc0059-23d4-7a6e-c932-ecbd1d1695fe}"
EndProject
Global
	GlobalSection(SolutionConfigurationPlatforms) = preSolution
		Debug|Any CPU = Debug|Any CPU
	EndGlobalSection
	GlobalSection(ProjectConfigurationPlatforms) = postSolution
		{fb199b6b-a0c7-2be8-c5fc-257d74d8697a}.Debug|Any CPU.ActiveCfg = Debug|Any CPU
		{fb199b6b-a0c7-2be8-c5fc-257d74d8697a}.Debug|Any CPU.Build.0 = Debug|Any CPU
		{3fbc0059-23d4-7a6e-c932-ecbd1d1695fe}.Debug|Any CPU.ActiveCfg = Debug|Any CPU
		{3fbc0059-23d4-7a6e-c932-ecbd1d1695fe}.Debug|Any CPU.Build.0 = Debug|Any CPU
	EndGlobalSection
	GlobalSection(SolutionProperties) = preSolution
		HideSolutionNode = FALSE
	EndGlobalSection
EndGlobal
