
Microsoft Visual Studio Solution File, Format Version 11.00
# Visual Studio 2010
Project("{FAE04EC0-301F-11D3-BF4B-00C04F79EFBC}") = "Assembly-CSharp", "Assembly-CSharp.csproj", "{dacfa889-8614-fb6a-6a3d-ec9b479bfaa6}"
EndProject
Project("{FAE04EC0-301F-11D3-BF4B-00C04F79EFBC}") = "Assembly-CSharp-Editor", "Assembly-CSharp-Editor.csproj", "{849d95ea-623e-f05c-6e30-d3dbd1e86eb4}"
EndProject
Global
	GlobalSection(SolutionConfigurationPlatforms) = preSolution
		Debug|Any CPU = Debug|Any CPU
	EndGlobalSection
	GlobalSection(ProjectConfigurationPlatforms) = postSolution
		{dacfa889-8614-fb6a-6a3d-ec9b479bfaa6}.Debug|Any CPU.ActiveCfg = Debug|Any CPU
		{dacfa889-8614-fb6a-6a3d-ec9b479bfaa6}.Debug|Any CPU.Build.0 = Debug|Any CPU
		{849d95ea-623e-f05c-6e30-d3dbd1e86eb4}.Debug|Any CPU.ActiveCfg = Debug|Any CPU
		{849d95ea-623e-f05c-6e30-d3dbd1e86eb4}.Debug|Any CPU.Build.0 = Debug|Any CPU
	EndGlobalSection
	GlobalSection(SolutionProperties) = preSolution
		HideSolutionNode = FALSE
	EndGlobalSection
EndGlobal
