
Microsoft Visual Studio Solution File, Format Version 11.00
# Visual Studio 2010
Project("{FAE04EC0-301F-11D3-BF4B-00C04F79EFBC}") = "Assembly-CSharp", "Assembly-CSharp.csproj", "{354dbe04-2a6d-97f9-e968-11b469fddec9}"
EndProject
Project("{FAE04EC0-301F-11D3-BF4B-00C04F79EFBC}") = "Assembly-CSharp-Editor", "Assembly-CSharp-Editor.csproj", "{ea160f36-f823-6f9f-9c0b-0528779005e0}"
EndProject
Global
	GlobalSection(SolutionConfigurationPlatforms) = preSolution
		Debug|Any CPU = Debug|Any CPU
	EndGlobalSection
	GlobalSection(ProjectConfigurationPlatforms) = postSolution
		{354dbe04-2a6d-97f9-e968-11b469fddec9}.Debug|Any CPU.ActiveCfg = Debug|Any CPU
		{354dbe04-2a6d-97f9-e968-11b469fddec9}.Debug|Any CPU.Build.0 = Debug|Any CPU
		{ea160f36-f823-6f9f-9c0b-0528779005e0}.Debug|Any CPU.ActiveCfg = Debug|Any CPU
		{ea160f36-f823-6f9f-9c0b-0528779005e0}.Debug|Any CPU.Build.0 = Debug|Any CPU
	EndGlobalSection
	GlobalSection(SolutionProperties) = preSolution
		HideSolutionNode = FALSE
	EndGlobalSection
EndGlobal
