
Microsoft Visual Studio Solution File, Format Version 11.00
# Visual Studio 2010
Project("{FAE04EC0-301F-11D3-BF4B-00C04F79EFBC}") = "Unity.XR.Interaction.Toolkit.Samples.StarterAssets", "Unity.XR.Interaction.Toolkit.Samples.StarterAssets.csproj", "{91cc03d9-d6d7-1043-cc27-d9781f2911dc}"
EndProject
Project("{FAE04EC0-301F-11D3-BF4B-00C04F79EFBC}") = "Assembly-CSharp", "Assembly-CSharp.csproj", "{244e0645-6fea-f54c-a111-c1e2d7ac6e4f}"
EndProject
Project("{FAE04EC0-301F-11D3-BF4B-00C04F79EFBC}") = "Assembly-CSharp-Editor", "Assembly-CSharp-Editor.csproj", "{1eaff669-3ce3-66a7-fbc8-851484e35d52}"
EndProject
Project("{FAE04EC0-301F-11D3-BF4B-00C04F79EFBC}") = "Unity.XR.Interaction.Toolkit.Samples.DeviceSimulator", "Unity.XR.Interaction.Toolkit.Samples.DeviceSimulator.csproj", "{d6bd01b8-1018-2f58-7aa0-6f861ee63874}"
EndProject
Global
	GlobalSection(SolutionConfigurationPlatforms) = preSolution
		Debug|Any CPU = Debug|Any CPU
	EndGlobalSection
	GlobalSection(ProjectConfigurationPlatforms) = postSolution
		{91cc03d9-d6d7-1043-cc27-d9781f2911dc}.Debug|Any CPU.ActiveCfg = Debug|Any CPU
		{91cc03d9-d6d7-1043-cc27-d9781f2911dc}.Debug|Any CPU.Build.0 = Debug|Any CPU
		{244e0645-6fea-f54c-a111-c1e2d7ac6e4f}.Debug|Any CPU.ActiveCfg = Debug|Any CPU
		{244e0645-6fea-f54c-a111-c1e2d7ac6e4f}.Debug|Any CPU.Build.0 = Debug|Any CPU
		{1eaff669-3ce3-66a7-fbc8-851484e35d52}.Debug|Any CPU.ActiveCfg = Debug|Any CPU
		{1eaff669-3ce3-66a7-fbc8-851484e35d52}.Debug|Any CPU.Build.0 = Debug|Any CPU
		{d6bd01b8-1018-2f58-7aa0-6f861ee63874}.Debug|Any CPU.ActiveCfg = Debug|Any CPU
		{d6bd01b8-1018-2f58-7aa0-6f861ee63874}.Debug|Any CPU.Build.0 = Debug|Any CPU
	EndGlobalSection
	GlobalSection(SolutionProperties) = preSolution
		HideSolutionNode = FALSE
	EndGlobalSection
EndGlobal
