
Microsoft Visual Studio Solution File, Format Version 12.00
# Visual Studio 15
Project("{FAE04EC0-301F-11D3-BF4B-00C04F79EFBC}") = "Assembly-CSharp-firstpass", "Assembly-CSharp-firstpass.csproj", "{C6C49473-A904-5D22-F44F-05BBD54D32DD}"
EndProject
Project("{FAE04EC0-301F-11D3-BF4B-00C04F79EFBC}") = "Assembly-CSharp", "Assembly-CSharp.csproj", "{A58BDC25-91DC-9CB5-7208-CF5528CDAEBC}"
EndProject
Project("{FAE04EC0-301F-11D3-BF4B-00C04F79EFBC}") = "Assembly-CSharp-Editor", "Assembly-CSharp-Editor.csproj", "{EB635FE4-5E59-ABB0-3F7F-0275B3ED3447}"
EndProject
Project("{FAE04EC0-301F-11D3-BF4B-00C04F79EFBC}") = "Assembly-CSharp-Editor-firstpass", "Assembly-CSharp-Editor-firstpass.csproj", "{E38A2E5D-42CE-2807-115D-63D2DE2A98BB}"
EndProject
Global
	GlobalSection(SolutionConfigurationPlatforms) = preSolution
		Debug|Any CPU = Debug|Any CPU
		Release|Any CPU = Release|Any CPU
	EndGlobalSection
	GlobalSection(ProjectConfigurationPlatforms) = postSolution
		{C6C49473-A904-5D22-F44F-05BBD54D32DD}.Debug|Any CPU.ActiveCfg = Debug|Any CPU
		{C6C49473-A904-5D22-F44F-05BBD54D32DD}.Debug|Any CPU.Build.0 = Debug|Any CPU
		{C6C49473-A904-5D22-F44F-05BBD54D32DD}.Release|Any CPU.ActiveCfg = Release|Any CPU
		{C6C49473-A904-5D22-F44F-05BBD54D32DD}.Release|Any CPU.Build.0 = Release|Any CPU
		{A58BDC25-91DC-9CB5-7208-CF5528CDAEBC}.Debug|Any CPU.ActiveCfg = Debug|Any CPU
		{A58BDC25-91DC-9CB5-7208-CF5528CDAEBC}.Debug|Any CPU.Build.0 = Debug|Any CPU
		{A58BDC25-91DC-9CB5-7208-CF5528CDAEBC}.Release|Any CPU.ActiveCfg = Release|Any CPU
		{A58BDC25-91DC-9CB5-7208-CF5528CDAEBC}.Release|Any CPU.Build.0 = Release|Any CPU
		{EB635FE4-5E59-ABB0-3F7F-0275B3ED3447}.Debug|Any CPU.ActiveCfg = Debug|Any CPU
		{EB635FE4-5E59-ABB0-3F7F-0275B3ED3447}.Debug|Any CPU.Build.0 = Debug|Any CPU
		{EB635FE4-5E59-ABB0-3F7F-0275B3ED3447}.Release|Any CPU.ActiveCfg = Release|Any CPU
		{EB635FE4-5E59-ABB0-3F7F-0275B3ED3447}.Release|Any CPU.Build.0 = Release|Any CPU
		{E38A2E5D-42CE-2807-115D-63D2DE2A98BB}.Debug|Any CPU.ActiveCfg = Debug|Any CPU
		{E38A2E5D-42CE-2807-115D-63D2DE2A98BB}.Debug|Any CPU.Build.0 = Debug|Any CPU
		{E38A2E5D-42CE-2807-115D-63D2DE2A98BB}.Release|Any CPU.ActiveCfg = Release|Any CPU
		{E38A2E5D-42CE-2807-115D-63D2DE2A98BB}.Release|Any CPU.Build.0 = Release|Any CPU
	EndGlobalSection
	GlobalSection(SolutionProperties) = preSolution
		HideSolutionNode = FALSE
	EndGlobalSection
EndGlobal
