
Microsoft Visual Studio Solution File, Format Version 11.00
# Visual Studio 2010
Project("{FAE04EC0-301F-11D3-BF4B-00C04F79EFBC}") = "Assembly-CSharp", "Assembly-CSharp.csproj", "{09e2b581-9880-7f5e-b309-11051d2ce1e7}"
EndProject
Project("{FAE04EC0-301F-11D3-BF4B-00C04F79EFBC}") = "Assembly-CSharp-firstpass", "Assembly-CSharp-firstpass.csproj", "{00d9af9d-c829-18c5-1b89-bf25acf8f9e8}"
EndProject
Global
	GlobalSection(SolutionConfigurationPlatforms) = preSolution
		Debug|Any CPU = Debug|Any CPU
	EndGlobalSection
	GlobalSection(ProjectConfigurationPlatforms) = postSolution
		{09e2b581-9880-7f5e-b309-11051d2ce1e7}.Debug|Any CPU.ActiveCfg = Debug|Any CPU
		{09e2b581-9880-7f5e-b309-11051d2ce1e7}.Debug|Any CPU.Build.0 = Debug|Any CPU
		{00d9af9d-c829-18c5-1b89-bf25acf8f9e8}.Debug|Any CPU.ActiveCfg = Debug|Any CPU
		{00d9af9d-c829-18c5-1b89-bf25acf8f9e8}.Debug|Any CPU.Build.0 = Debug|Any CPU
	EndGlobalSection
	GlobalSection(SolutionProperties) = preSolution
		HideSolutionNode = FALSE
	EndGlobalSection
EndGlobal
