
Microsoft Visual Studio Solution File, Format Version 11.00
# Visual Studio 2010
Project("{FAE04EC0-301F-11D3-BF4B-00C04F79EFBC}") = "Assembly-CSharp", "Assembly-CSharp.csproj", "{6aff8e14-3047-367b-2844-15709b82e98c}"
EndProject
Project("{FAE04EC0-301F-11D3-BF4B-00C04F79EFBC}") = "Assembly-CSharp-Editor", "Assembly-CSharp-Editor.csproj", "{66577a34-3ff7-a03a-b455-63662ad26f0f}"
EndProject
Global
	GlobalSection(SolutionConfigurationPlatforms) = preSolution
		Debug|Any CPU = Debug|Any CPU
	EndGlobalSection
	GlobalSection(ProjectConfigurationPlatforms) = postSolution
		{6aff8e14-3047-367b-2844-15709b82e98c}.Debug|Any CPU.ActiveCfg = Debug|Any CPU
		{6aff8e14-3047-367b-2844-15709b82e98c}.Debug|Any CPU.Build.0 = Debug|Any CPU
		{66577a34-3ff7-a03a-b455-63662ad26f0f}.Debug|Any CPU.ActiveCfg = Debug|Any CPU
		{66577a34-3ff7-a03a-b455-63662ad26f0f}.Debug|Any CPU.Build.0 = Debug|Any CPU
	EndGlobalSection
	GlobalSection(SolutionProperties) = preSolution
		HideSolutionNode = FALSE
	EndGlobalSection
EndGlobal
