
Microsoft Visual Studio Solution File, Format Version 12.00
# Visual Studio 15
Project("{FAE04EC0-301F-11D3-BF4B-00C04F79EFBC}") = "Assembly-CSharp", "Assembly-CSharp.csproj", "{006AE2E1-FA8A-8633-A7EC-480E85525A57}"
EndProject
Project("{FAE04EC0-301F-11D3-BF4B-00C04F79EFBC}") = "Assembly-CSharp-Editor", "Assembly-CSharp-Editor.csproj", "{630C9F67-0498-47ED-4226-9CA2071CFEF3}"
EndProject
Global
	GlobalSection(SolutionConfigurationPlatforms) = preSolution
		Debug|Any CPU = Debug|Any CPU
		Release|Any CPU = Release|Any CPU
	EndGlobalSection
	GlobalSection(ProjectConfigurationPlatforms) = postSolution
		{006AE2E1-FA8A-8633-A7EC-480E85525A57}.Debug|Any CPU.ActiveCfg = Debug|Any CPU
		{006AE2E1-FA8A-8633-A7EC-480E85525A57}.Debug|Any CPU.Build.0 = Debug|Any CPU
		{006AE2E1-FA8A-8633-A7EC-480E85525A57}.Release|Any CPU.ActiveCfg = Release|Any CPU
		{006AE2E1-FA8A-8633-A7EC-480E85525A57}.Release|Any CPU.Build.0 = Release|Any CPU
		{630C9F67-0498-47ED-4226-9CA2071CFEF3}.Debug|Any CPU.ActiveCfg = Debug|Any CPU
		{630C9F67-0498-47ED-4226-9CA2071CFEF3}.Debug|Any CPU.Build.0 = Debug|Any CPU
		{630C9F67-0498-47ED-4226-9CA2071CFEF3}.Release|Any CPU.ActiveCfg = Release|Any CPU
		{630C9F67-0498-47ED-4226-9CA2071CFEF3}.Release|Any CPU.Build.0 = Release|Any CPU
	EndGlobalSection
	GlobalSection(SolutionProperties) = preSolution
		HideSolutionNode = FALSE
	EndGlobalSection
EndGlobal
