
Microsoft Visual Studio Solution File, Format Version 12.00
# Visual Studio 15
Project("{FAE04EC0-301F-11D3-BF4B-00C04F79EFBC}") = "Assembly-CSharp", "Assembly-CSharp.csproj", "{3D7F5206-2C11-F12A-352A-3F6AC25A570E}"
EndProject
Project("{FAE04EC0-301F-11D3-BF4B-00C04F79EFBC}") = "Assembly-CSharp-Editor", "Assembly-CSharp-Editor.csproj", "{D29BB575-F88E-7666-02C9-7EC8AB4A61EE}"
EndProject
Global
	GlobalSection(SolutionConfigurationPlatforms) = preSolution
		Debug|Any CPU = Debug|Any CPU
		Release|Any CPU = Release|Any CPU
	EndGlobalSection
	GlobalSection(ProjectConfigurationPlatforms) = postSolution
		{3D7F5206-2C11-F12A-352A-3F6AC25A570E}.Debug|Any CPU.ActiveCfg = Debug|Any CPU
		{3D7F5206-2C11-F12A-352A-3F6AC25A570E}.Debug|Any CPU.Build.0 = Debug|Any CPU
		{3D7F5206-2C11-F12A-352A-3F6AC25A570E}.Release|Any CPU.ActiveCfg = Release|Any CPU
		{3D7F5206-2C11-F12A-352A-3F6AC25A570E}.Release|Any CPU.Build.0 = Release|Any CPU
		{D29BB575-F88E-7666-02C9-7EC8AB4A61EE}.Debug|Any CPU.ActiveCfg = Debug|Any CPU
		{D29BB575-F88E-7666-02C9-7EC8AB4A61EE}.Debug|Any CPU.Build.0 = Debug|Any CPU
		{D29BB575-F88E-7666-02C9-7EC8AB4A61EE}.Release|Any CPU.ActiveCfg = Release|Any CPU
		{D29BB575-F88E-7666-02C9-7EC8AB4A61EE}.Release|Any CPU.Build.0 = Release|Any CPU
	EndGlobalSection
	GlobalSection(SolutionProperties) = preSolution
		HideSolutionNode = FALSE
	EndGlobalSection
EndGlobal
