
Microsoft Visual Studio Solution File, Format Version 11.00
# Visual Studio 2010
Project("{FAE04EC0-301F-11D3-BF4B-00C04F79EFBC}") = "Assembly-CSharp", "Assembly-CSharp.csproj", "{f8c5f1d9-9cc8-e1cb-aa0c-63a3f88716b0}"
EndProject
Project("{FAE04EC0-301F-11D3-BF4B-00C04F79EFBC}") = "Assembly-CSharp-Editor", "Assembly-CSharp-Editor.csproj", "{b151d3db-0a5a-13f5-0974-8015c4951a91}"
EndProject
Global
	GlobalSection(SolutionConfigurationPlatforms) = preSolution
		Debug|Any CPU = Debug|Any CPU
	EndGlobalSection
	GlobalSection(ProjectConfigurationPlatforms) = postSolution
		{f8c5f1d9-9cc8-e1cb-aa0c-63a3f88716b0}.Debug|Any CPU.ActiveCfg = Debug|Any CPU
		{f8c5f1d9-9cc8-e1cb-aa0c-63a3f88716b0}.Debug|Any CPU.Build.0 = Debug|Any CPU
		{b151d3db-0a5a-13f5-0974-8015c4951a91}.Debug|Any CPU.ActiveCfg = Debug|Any CPU
		{b151d3db-0a5a-13f5-0974-8015c4951a91}.Debug|Any CPU.Build.0 = Debug|Any CPU
	EndGlobalSection
	GlobalSection(SolutionProperties) = preSolution
		HideSolutionNode = FALSE
	EndGlobalSection
EndGlobal
