
Microsoft Visual Studio Solution File, Format Version 11.00
# Visual Studio 2010
Project("{FAE04EC0-301F-11D3-BF4B-00C04F79EFBC}") = "Assembly-CSharp-firstpass", "Assembly-CSharp-firstpass.csproj", "{7f313292-a3b7-9e4a-4565-dfc8f07d55b3}"
EndProject
Project("{FAE04EC0-301F-11D3-BF4B-00C04F79EFBC}") = "Assembly-CSharp", "Assembly-CSharp.csproj", "{6a10f3d7-85d8-58a2-a4dd-fcb86d5f8f42}"
EndProject
Project("{FAE04EC0-301F-11D3-BF4B-00C04F79EFBC}") = "Assembly-CSharp-Editor-firstpass", "Assembly-CSharp-Editor-firstpass.csproj", "{15a9831f-bc83-86f8-abe4-1a7f8b9f7939}"
EndProject
Global
	GlobalSection(SolutionConfigurationPlatforms) = preSolution
		Debug|Any CPU = Debug|Any CPU
	EndGlobalSection
	GlobalSection(ProjectConfigurationPlatforms) = postSolution
		{7f313292-a3b7-9e4a-4565-dfc8f07d55b3}.Debug|Any CPU.ActiveCfg = Debug|Any CPU
		{7f313292-a3b7-9e4a-4565-dfc8f07d55b3}.Debug|Any CPU.Build.0 = Debug|Any CPU
		{6a10f3d7-85d8-58a2-a4dd-fcb86d5f8f42}.Debug|Any CPU.ActiveCfg = Debug|Any CPU
		{6a10f3d7-85d8-58a2-a4dd-fcb86d5f8f42}.Debug|Any CPU.Build.0 = Debug|Any CPU
		{15a9831f-bc83-86f8-abe4-1a7f8b9f7939}.Debug|Any CPU.ActiveCfg = Debug|Any CPU
		{15a9831f-bc83-86f8-abe4-1a7f8b9f7939}.Debug|Any CPU.Build.0 = Debug|Any CPU
	EndGlobalSection
	GlobalSection(SolutionProperties) = preSolution
		HideSolutionNode = FALSE
	EndGlobalSection
EndGlobal
