
Microsoft Visual Studio Solution File, Format Version 11.00
# Visual Studio 2010
Project("{FAE04EC0-301F-11D3-BF4B-00C04F79EFBC}") = "Assembly-CSharp", "Assembly-CSharp.csproj", "{748a9bd6-3149-48ad-24f5-4971e02f1483}"
EndProject
Project("{FAE04EC0-301F-11D3-BF4B-00C04F79EFBC}") = "Unity.XR.Interaction.Toolkit.Samples.StarterAssets", "Unity.XR.Interaction.Toolkit.Samples.StarterAssets.csproj", "{8bd44fc5-df47-c650-b50a-44f14a281297}"
EndProject
Project("{FAE04EC0-301F-11D3-BF4B-00C04F79EFBC}") = "Assembly-CSharp-Editor", "Assembly-CSharp-Editor.csproj", "{c44cf626-2076-eccf-ce69-199066624c4b}"
EndProject
Project("{FAE04EC0-301F-11D3-BF4B-00C04F79EFBC}") = "Unity.XR.Interaction.Toolkit.Samples.DeviceSimulator", "Unity.XR.Interaction.Toolkit.Samples.DeviceSimulator.csproj", "{8fa1b795-cabc-a173-2bda-fdd3eaf84025}"
EndProject
Global
	GlobalSection(SolutionConfigurationPlatforms) = preSolution
		Debug|Any CPU = Debug|Any CPU
	EndGlobalSection
	GlobalSection(ProjectConfigurationPlatforms) = postSolution
		{748a9bd6-3149-48ad-24f5-4971e02f1483}.Debug|Any CPU.ActiveCfg = Debug|Any CPU
		{748a9bd6-3149-48ad-24f5-4971e02f1483}.Debug|Any CPU.Build.0 = Debug|Any CPU
		{8bd44fc5-df47-c650-b50a-44f14a281297}.Debug|Any CPU.ActiveCfg = Debug|Any CPU
		{8bd44fc5-df47-c650-b50a-44f14a281297}.Debug|Any CPU.Build.0 = Debug|Any CPU
		{c44cf626-2076-eccf-ce69-199066624c4b}.Debug|Any CPU.ActiveCfg = Debug|Any CPU
		{c44cf626-2076-eccf-ce69-199066624c4b}.Debug|Any CPU.Build.0 = Debug|Any CPU
		{8fa1b795-cabc-a173-2bda-fdd3eaf84025}.Debug|Any CPU.ActiveCfg = Debug|Any CPU
		{8fa1b795-cabc-a173-2bda-fdd3eaf84025}.Debug|Any CPU.Build.0 = Debug|Any CPU
	EndGlobalSection
	GlobalSection(SolutionProperties) = preSolution
		HideSolutionNode = FALSE
	EndGlobalSection
EndGlobal
