
Microsoft Visual Studio Solution File, Format Version 12.00
# Visual Studio 15
Project("{FAE04EC0-301F-11D3-BF4B-00C04F79EFBC}") = "Assembly-CSharp", "Assembly-CSharp.csproj", "{62D2CD18-CDCA-D688-ED31-96CC4010658E}"
EndProject
Project("{FAE04EC0-301F-11D3-BF4B-00C04F79EFBC}") = "Assembly-CSharp-Editor", "Assembly-CSharp-Editor.csproj", "{4939C0B9-7D64-9577-B63D-502F48B2C43B}"
EndProject
Global
	GlobalSection(SolutionConfigurationPlatforms) = preSolution
		Debug|Any CPU = Debug|Any CPU
		Release|Any CPU = Release|Any CPU
	EndGlobalSection
	GlobalSection(ProjectConfigurationPlatforms) = postSolution
		{62D2CD18-CDCA-D688-ED31-96CC4010658E}.Debug|Any CPU.ActiveCfg = Debug|Any CPU
		{62D2CD18-CDCA-D688-ED31-96CC4010658E}.Debug|Any CPU.Build.0 = Debug|Any CPU
		{62D2CD18-CDCA-D688-ED31-96CC4010658E}.Release|Any CPU.ActiveCfg = Release|Any CPU
		{62D2CD18-CDCA-D688-ED31-96CC4010658E}.Release|Any CPU.Build.0 = Release|Any CPU
		{4939C0B9-7D64-9577-B63D-502F48B2C43B}.Debug|Any CPU.ActiveCfg = Debug|Any CPU
		{4939C0B9-7D64-9577-B63D-502F48B2C43B}.Debug|Any CPU.Build.0 = Debug|Any CPU
		{4939C0B9-7D64-9577-B63D-502F48B2C43B}.Release|Any CPU.ActiveCfg = Release|Any CPU
		{4939C0B9-7D64-9577-B63D-502F48B2C43B}.Release|Any CPU.Build.0 = Release|Any CPU
	EndGlobalSection
	GlobalSection(SolutionProperties) = preSolution
		HideSolutionNode = FALSE
	EndGlobalSection
EndGlobal
